{
  "nodes": {
    "nixpkgs": {
      "locked": {
        "lastModified": 1724257416,
        "narHash": "sha256-UGO5G7UUctvyi3UNSdDci6NR+egVOFOy8w8QYcwTNAM=",
        "owner": "cpick",
        "repo": "nixpkgs",
        "rev": "ed550988ac25adea34c44043eeeca28be355cbce",
        "type": "github"
      },
      "original": {
        "owner": "cpick",
        "ref": "macos-builder-options",
        "repo": "nixpkgs",
        "type": "github"
      }
    },
    "root": {
      "inputs": {
        "nixpkgs": "nixpkgs"
      }
    }
  },
  "root": "root",
  "version": 7
}
