{
  "nodes": {
    "nixpkgs": {
      "locked": {
        "lastModified": 1710868012,
        "narHash": "sha256-WNFTpmwIY9MvaI5iAWVJxAXuG6meoeO017tn7ZJWFH8=",
        "owner": "cpick",
        "repo": "nixpkgs",
        "rev": "05c6e399a7e7787bfb95ee6a1994911d4f40edb8",
        "type": "github"
      },
      "original": {
        "owner": "cpick",
        "ref": "macos-builder-options",
        "repo": "nixpkgs",
        "type": "github"
      }
    },
    "root": {
      "inputs": {
        "nixpkgs": "nixpkgs"
      }
    }
  },
  "root": "root",
  "version": 7
}
