{
  "nodes": {
    "nixpkgs": {
      "locked": {
        "lastModified": 1724257416,
        "narHash": "sha256-UGO5G7UUctvyi3UNSdDci6NR+egVOFOy8w8QYcwTNAM=",
        "ref": "refs/heads/macos-builder-options",
        "rev": "ed550988ac25adea34c44043eeeca28be355cbce",
        "revCount": 669701,
        "type": "git",
        "url": "file:///Users/cpick/src/nixpkgs"
      },
      "original": {
        "type": "git",
        "url": "file:///Users/cpick/src/nixpkgs"
      }
    },
    "root": {
      "inputs": {
        "nixpkgs": "nixpkgs"
      }
    }
  },
  "root": "root",
  "version": 7
}
